Microsoft Visual Studio Solution File, Format Version 12.00
# Visual Studio Version 17
VisualStudioVersion = 17.5.2.0
MinimumVisualStudioVersion = 10.0.40219.1
Project("{FAE04EC0-301F-11D3-BF4B-00C04F79EFBC}") = "FoMed_WebAPI", "FoMed_WebAPI.csproj", "{C61C8B61-5959-1F05-4FED-5488291CF13B}"
EndProject
Global
	GlobalSection(SolutionConfigurationPlatforms) = preSolution
		Debug|Any CPU = Debug|Any CPU
		Release|Any CPU = Release|Any CPU
	EndGlobalSection
	GlobalSection(ProjectConfigurationPlatforms) = postSolution
		{C61C8B61-5959-1F05-4FED-5488291CF13B}.Debug|Any CPU.ActiveCfg = Debug|Any CPU
		{C61C8B61-5959-1F05-4FED-5488291CF13B}.Debug|Any CPU.Build.0 = Debug|Any CPU
		{C61C8B61-5959-1F05-4FED-5488291CF13B}.Release|Any CPU.ActiveCfg = Release|Any CPU
		{C61C8B61-5959-1F05-4FED-5488291CF13B}.Release|Any CPU.Build.0 = Release|Any CPU
	EndGlobalSection
	GlobalSection(SolutionProperties) = preSolution
		HideSolutionNode = FALSE
	EndGlobalSection
	GlobalSection(ExtensibilityGlobals) = postSolution
		SolutionGuid = {21B6CF60-DB70-481C-BC1C-8E654B90A79D}
	EndGlobalSection
EndGlobal
